// !$*UTF8*$!
{
	archiveVersion = 1;
	classes = {
	};
	objectVersion = 56;
	objects = {

/* Begin PBXBuildFile section */
		03ECF89E2B72AA27002167AB /* PiliPiliApp.swift in Sources */ = {isa = PBXBuildFile; fileRef = 03ECF89D2B72AA27002167AB /* PiliPiliApp.swift */; };
		03ECF8A02B72AA27002167AB /* ContentView.swift in Sources */ = {isa = PBXBuildFile; fileRef = 03ECF89F2B72AA27002167AB /* ContentView.swift */; };
		03ECF8A22B72AA29002167AB /* Assets.xcassets in Resources */ = {isa = PBXBuildFile; fileRef = 03ECF8A12B72AA29002167AB /* Assets.xcassets */; };
		03ECF8A52B72AA29002167AB /* Preview Assets.xcassets in Resources */ = {isa = PBXBuildFile; fileRef = 03ECF8A42B72AA29002167AB /* Preview Assets.xcassets */; };
		03ECF8B02B72AA29002167AB /* PiliPiliTests.swift in Sources */ = {isa = PBXBuildFile; fileRef = 03ECF8AF2B72AA29002167AB /* PiliPiliTests.swift */; };
		03ECF8BA2B72AA29002167AB /* PiliPiliUITests.swift in Sources */ = {isa = PBXBuildFile; fileRef = 03ECF8B92B72AA29002167AB /* PiliPiliUITests.swift */; };
		03ECF8BC2B72AA29002167AB /* PiliPiliUITestsLaunchTests.swift in Sources */ = {isa = PBXBuildFile; fileRef = 03ECF8BB2B72AA29002167AB /* PiliPiliUITestsLaunchTests.swift */; };
/* End PBXBuildFile section */

/* Begin PBXContainerItemProxy section */
		03ECF8AC2B72AA29002167AB /* PBXContainerItemProxy */ = {
			isa = PBXContainerItemProxy;
			containerPortal = 03ECF8922B72AA27002167AB /* Project object */;
			proxyType = 1;
			remoteGlobalIDString = 03ECF8992B72AA27002167AB;
			remoteInfo = PiliPili;
		};
		03ECF8B62B72AA29002167AB /* PBXContainerItemProxy */ = {
			isa = PBXContainerItemProxy;
			containerPortal = 03ECF8922B72AA27002167AB /* Project object */;
			proxyType = 1;
			remoteGlobalIDString = 03ECF8992B72AA27002167AB;
			remoteInfo = PiliPili;
		};
/* End PBXContainerItemProxy section */

/* Begin PBXFileReference section */
		03ECF89A2B72AA27002167AB /* PiliPili.app */ = {isa = PBXFileReference; explicitFileType = wrapper.application; includeInIndex = 0; path = PiliPili.app; sourceTree = BUILT_PRODUCTS_DIR; };
		03ECF89D2B72AA27002167AB /* PiliPiliApp.swift */ = {isa = PBXFileReference; lastKnownFileType = sourcecode.swift; path = PiliPiliApp.swift; sourceTree = "<group>"; };
		03ECF89F2B72AA27002167AB /* ContentView.swift */ = {isa = PBXFileReference; lastKnownFileType = sourcecode.swift; path = ContentView.swift; sourceTree = "<group>"; };
		03ECF8A12B72AA29002167AB /* Assets.xcassets */ = {isa = PBXFileReference; lastKnownFileType = folder.assetcatalog; path = Assets.xcassets; sourceTree = "<group>"; };
		03ECF8A42B72AA29002167AB /* Preview Assets.xcassets */ = {isa = PBXFileReference; lastKnownFileType = folder.assetcatalog; path = "Preview Assets.xcassets"; sourceTree = "<group>"; };
		03ECF8A62B72AA29002167AB /* PiliPili.entitlements */ = {isa = PBXFileReference; lastKnownFileType = text.plist.entitlements; path = PiliPili.entitlements; sourceTree = "<group>"; };
		03ECF8AB2B72AA29002167AB /* PiliPiliTests.xctest */ = {isa = PBXFileReference; explicitFileType = wrapper.cfbundle; includeInIndex = 0; path = PiliPiliTests.xctest; sourceTree = BUILT_PRODUCTS_DIR; };
		03ECF8AF2B72AA29002167AB /* PiliPiliTests.swift */ = {isa = PBXFileReference; lastKnownFileType = sourcecode.swift; path = PiliPiliTests.swift; sourceTree = "<group>"; };
		03ECF8B52B72AA29002167AB /* PiliPiliUITests.xctest */ = {isa = PBXFileReference; explicitFileType = wrapper.cfbundle; includeInIndex = 0; path = PiliPiliUITests.xctest; sourceTree = BUILT_PRODUCTS_DIR; };
		03ECF8B92B72AA29002167AB /* PiliPiliUITests.swift */ = {isa = PBXFileReference; lastKnownFileType = sourcecode.swift; path = PiliPiliUITests.swift; sourceTree = "<group>"; };
		03ECF8BB2B72AA29002167AB /* PiliPiliUITestsLaunchTests.swift */ = {isa = PBXFileReference; lastKnownFileType = sourcecode.swift; path = PiliPiliUITestsLaunchTests.swift; sourceTree = "<group>"; };
/* End PBXFileReference section */

/* Begin PBXFrameworksBuildPhase section */
		03ECF8972B72AA27002167AB /* Frameworks */ = {
			isa = PBXFrameworksBuildPhase;
			buildActionMask = 2147483647;
			files = (
			);
			runOnlyForDeploymentPostprocessing = 0;
		};
		03ECF8A82B72AA29002167AB /* Frameworks */ = {
			isa = PBXFrameworksBuildPhase;
			buildActionMask = 2147483647;
			files = (
			);
			runOnlyForDeploymentPostprocessing = 0;
		};
		03ECF8B22B72AA29002167AB /* Frameworks */ = {
			isa = PBXFrameworksBuildPhase;
			buildActionMask = 2147483647;
			files = (
			);
			runOnlyForDeploymentPostprocessing = 0;
		};
/* End PBXFrameworksBuildPhase section */

/* Begin PBXGroup section */
		03ECF8912B72AA27002167AB = {
			isa = PBXGroup;
			children = (
				03ECF89C2B72AA27002167AB /* PiliPili */,
				03ECF8AE2B72AA29002167AB /* PiliPiliTests */,
				03ECF8B82B72AA29002167AB /* PiliPiliUITests */,
				03ECF89B2B72AA27002167AB /* Products */,
			);
			sourceTree = "<group>";
		};
		03ECF89B2B72AA27002167AB /* Products */ = {
			isa = PBXGroup;
			children = (
				03ECF89A2B72AA27002167AB /* PiliPili.app */,
				03ECF8AB2B72AA29002167AB /* PiliPiliTests.xctest */,
				03ECF8B52B72AA29002167AB /* PiliPiliUITests.xctest */,
			);
			name = Products;
			sourceTree = "<group>";
		};
		03ECF89C2B72AA27002167AB /* PiliPili */ = {
			isa = PBXGroup;
			children = (
				03ECF89D2B72AA27002167AB /* PiliPiliApp.swift */,
				03ECF89F2B72AA27002167AB /* ContentView.swift */,
				03ECF8A12B72AA29002167AB /* Assets.xcassets */,
				03ECF8A62B72AA29002167AB /* PiliPili.entitlements */,
				03ECF8A32B72AA29002167AB /* Preview Content */,
			);
			path = PiliPili;
			sourceTree = "<group>";
		};
		03ECF8A32B72AA29002167AB /* Preview Content */ = {
			isa = PBXGroup;
			children = (
				03ECF8A42B72AA29002167AB /* Preview Assets.xcassets */,
			);
			path = "Preview Content";
			sourceTree = "<group>";
		};
		03ECF8AE2B72AA29002167AB /* PiliPiliTests */ = {
			isa = PBXGroup;
			children = (
				03ECF8AF2B72AA29002167AB /* PiliPiliTests.swift */,
			);
			path = PiliPiliTests;
			sourceTree = "<group>";
		};
		03ECF8B82B72AA29002167AB /* PiliPiliUITests */ = {
			isa = PBXGroup;
			children = (
				03ECF8B92B72AA29002167AB /* PiliPiliUITests.swift */,
				03ECF8BB2B72AA29002167AB /* PiliPiliUITestsLaunchTests.swift */,
			);
			path = PiliPiliUITests;
			sourceTree = "<group>";
		};
/* End PBXGroup section */

/* Begin PBXNativeTarget section */
		03ECF8992B72AA27002167AB /* PiliPili */ = {
			isa = PBXNativeTarget;
			buildConfigurationList = 03ECF8BF2B72AA29002167AB /* Build configuration list for PBXNativeTarget "PiliPili" */;
			buildPhases = (
				03ECF8962B72AA27002167AB /* Sources */,
				03ECF8972B72AA27002167AB /* Frameworks */,
				03ECF8982B72AA27002167AB /* Resources */,
			);
			buildRules = (
			);
			dependencies = (
			);
			name = PiliPili;
			productName = PiliPili;
			productReference = 03ECF89A2B72AA27002167AB /* PiliPili.app */;
			productType = "com.apple.product-type.application";
		};
		03ECF8AA2B72AA29002167AB /* PiliPiliTests */ = {
			isa = PBXNativeTarget;
			buildConfigurationList = 03ECF8C22B72AA29002167AB /* Build configuration list for PBXNativeTarget "PiliPiliTests" */;
			buildPhases = (
				03ECF8A72B72AA29002167AB /* Sources */,
				03ECF8A82B72AA29002167AB /* Frameworks */,
				03ECF8A92B72AA29002167AB /* Resources */,
			);
			buildRules = (
			);
			dependencies = (
				03ECF8AD2B72AA29002167AB /* PBXTargetDependency */,
			);
			name = PiliPiliTests;
			productName = PiliPiliTests;
			productReference = 03ECF8AB2B72AA29002167AB /* PiliPiliTests.xctest */;
			productType = "com.apple.product-type.bundle.unit-test";
		};
		03ECF8B42B72AA29002167AB /* PiliPiliUITests */ = {
			isa = PBXNativeTarget;
			buildConfigurationList = 03ECF8C52B72AA29002167AB /* Build configuration list for PBXNativeTarget "PiliPiliUITests" */;
			buildPhases = (
				03ECF8B12B72AA29002167AB /* Sources */,
				03ECF8B22B72AA29002167AB /* Frameworks */,
				03ECF8B32B72AA29002167AB /* Resources */,
			);
			buildRules = (
			);
			dependencies = (
				03ECF8B72B72AA29002167AB /* PBXTargetDependency */,
			);
			name = PiliPiliUITests;
			productName = PiliPiliUITests;
			productReference = 03ECF8B52B72AA29002167AB /* PiliPiliUITests.xctest */;
			productType = "com.apple.product-type.bundle.ui-testing";
		};
/* End PBXNativeTarget section */

/* Begin PBXProject section */
		03ECF8922B72AA27002167AB /* Project object */ = {
			isa = PBXProject;
			attributes = {
				BuildIndependentTargetsInParallel = 1;
				LastSwiftUpdateCheck = 1500;
				LastUpgradeCheck = 1500;
				TargetAttributes = {
					03ECF8992B72AA27002167AB = {
						CreatedOnToolsVersion = 15.0;
					};
					03ECF8AA2B72AA29002167AB = {
						CreatedOnToolsVersion = 15.0;
						TestTargetID = 03ECF8992B72AA27002167AB;
					};
					03ECF8B42B72AA29002167AB = {
						CreatedOnToolsVersion = 15.0;
						TestTargetID = 03ECF8992B72AA27002167AB;
					};
				};
			};
			buildConfigurationList = 03ECF8952B72AA27002167AB /* Build configuration list for PBXProject "PiliPili" */;
			compatibilityVersion = "Xcode 14.0";
			developmentRegion = en;
			hasScannedForEncodings = 0;
			knownRegions = (
				en,
				Base,
			);
			mainGroup = 03ECF8912B72AA27002167AB;
			productRefGroup = 03ECF89B2B72AA27002167AB /* Products */;
			projectDirPath = "";
			projectRoot = "";
			targets = (
				03ECF8992B72AA27002167AB /* PiliPili */,
				03ECF8AA2B72AA29002167AB /* PiliPiliTests */,
				03ECF8B42B72AA29002167AB /* PiliPiliUITests */,
			);
		};
/* End PBXProject section */

/* Begin PBXResourcesBuildPhase section */
		03ECF8982B72AA27002167AB /* Resources */ = {
			isa = PBXResourcesBuildPhase;
			buildActionMask = 2147483647;
			files = (
				03ECF8A52B72AA29002167AB /* Preview Assets.xcassets in Resources */,
				03ECF8A22B72AA29002167AB /* Assets.xcassets in Resources */,
			);
			runOnlyForDeploymentPostprocessing = 0;
		};
		03ECF8A92B72AA29002167AB /* Resources */ = {
			isa = PBXResourcesBuildPhase;
			buildActionMask = 2147483647;
			files = (
			);
			runOnlyForDeploymentPostprocessing = 0;
		};
		03ECF8B32B72AA29002167AB /* Resources */ = {
			isa = PBXResourcesBuildPhase;
			buildActionMask = 2147483647;
			files = (
			);
			runOnlyForDeploymentPostprocessing = 0;
		};
/* End PBXResourcesBuildPhase section */

/* Begin PBXSourcesBuildPhase section */
		03ECF8962B72AA27002167AB /* Sources */ = {
			isa = PBXSourcesBuildPhase;
			buildActionMask = 2147483647;
			files = (
				03ECF8A02B72AA27002167AB /* ContentView.swift in Sources */,
				03ECF89E2B72AA27002167AB /* PiliPiliApp.swift in Sources */,
			);
			runOnlyForDeploymentPostprocessing = 0;
		};
		03ECF8A72B72AA29002167AB /* Sources */ = {
			isa = PBXSourcesBuildPhase;
			buildActionMask = 2147483647;
			files = (
				03ECF8B02B72AA29002167AB /* PiliPiliTests.swift in Sources */,
			);
			runOnlyForDeploymentPostprocessing = 0;
		};
		03ECF8B12B72AA29002167AB /* Sources */ = {
			isa = PBXSourcesBuildPhase;
			buildActionMask = 2147483647;
			files = (
				03ECF8BC2B72AA29002167AB /* PiliPiliUITestsLaunchTests.swift in Sources */,
				03ECF8BA2B72AA29002167AB /* PiliPiliUITests.swift in Sources */,
			);
			runOnlyForDeploymentPostprocessing = 0;
		};
/* End PBXSourcesBuildPhase section */

/* Begin PBXTargetDependency section */
		03ECF8AD2B72AA29002167AB /* PBXTargetDependency */ = {
			isa = PBXTargetDependency;
			target = 03ECF8992B72AA27002167AB /* PiliPili */;
			targetProxy = 03ECF8AC2B72AA29002167AB /* PBXContainerItemProxy */;
		};
		03ECF8B72B72AA29002167AB /* PBXTargetDependency */ = {
			isa = PBXTargetDependency;
			target = 03ECF8992B72AA27002167AB /* PiliPili */;
			targetProxy = 03ECF8B62B72AA29002167AB /* PBXContainerItemProxy */;
		};
/* End PBXTargetDependency section */

/* Begin XCBuildConfiguration section */
		03ECF8BD2B72AA29002167AB /* Debug */ = {
			isa = XCBuildConfiguration;
			buildSettings = {
				ALWAYS_SEARCH_USER_PATHS = NO;
				ASSETCATALOG_COMPILER_GENERATE_SWIFT_ASSET_SYMBOL_EXTENSIONS = YES;
				CLANG_ANALYZER_NONNULL = YES;
				CLANG_ANALYZER_NUMBER_OBJECT_CONVERSION = YES_AGGRESSIVE;
				CLANG_CXX_LANGUAGE_STANDARD = "gnu++20";
				CLANG_ENABLE_MODULES = YES;
				CLANG_ENABLE_OBJC_ARC = YES;
				CLANG_ENABLE_OBJC_WEAK = YES;
				CLANG_WARN_BLOCK_CAPTURE_AUTORELEASING = YES;
				CLANG_WARN_BOOL_CONVERSION = YES;
				CLANG_WARN_COMMA = YES;
				CLANG_WARN_CONSTANT_CONVERSION = YES;
				CLANG_WARN_DEPRECATED_OBJC_IMPLEMENTATIONS = YES;
				CLANG_WARN_DIRECT_OBJC_ISA_USAGE = YES_ERROR;
				CLANG_WARN_DOCUMENTATION_COMMENTS = YES;
				CLANG_WARN_EMPTY_BODY = YES;
				CLANG_WARN_ENUM_CONVERSION = YES;
				CLANG_WARN_INFINITE_RECURSION = YES;
				CLANG_WARN_INT_CONVERSION = YES;
				CLANG_WARN_NON_LITERAL_NULL_CONVERSION = YES;
				CLANG_WARN_OBJC_IMPLICIT_RETAIN_SELF = YES;
				CLANG_WARN_OBJC_LITERAL_CONVERSION = YES;
				CLANG_WARN_OBJC_ROOT_CLASS = YES_ERROR;
				CLANG_WARN_QUOTED_INCLUDE_IN_FRAMEWORK_HEADER = YES;
				CLANG_WARN_RANGE_LOOP_ANALYSIS = YES;
				CLANG_WARN_STRICT_PROTOTYPES = YES;
				CLANG_WARN_SUSPICIOUS_MOVE = YES;
				CLANG_WARN_UNGUARDED_AVAILABILITY = YES_AGGRESSIVE;
				CLANG_WARN_UNREACHABLE_CODE = YES;
				CLANG_WARN__DUPLICATE_METHOD_MATCH = YES;
				COPY_PHASE_STRIP = NO;
				DEBUG_INFORMATION_FORMAT = dwarf;
				ENABLE_STRICT_OBJC_MSGSEND = YES;
				ENABLE_TESTABILITY = YES;
				ENABLE_USER_SCRIPT_SANDBOXING = YES;
				GCC_C_LANGUAGE_STANDARD = gnu17;
				GCC_DYNAMIC_NO_PIC = NO;
				GCC_NO_COMMON_BLOCKS = YES;
				GCC_OPTIMIZATION_LEVEL = 0;
				GCC_PREPROCESSOR_DEFINITIONS = (
					"DEBUG=1",
					"$(inherited)",
				);
				GCC_WARN_64_TO_32_BIT_CONVERSION = YES;
				GCC_WARN_ABOUT_RETURN_TYPE = YES_ERROR;
				GCC_WARN_UNDECLARED_SELECTOR = YES;
				GCC_WARN_UNINITIALIZED_AUTOS = YES_AGGRESSIVE;
				GCC_WARN_UNUSED_FUNCTION = YES;
				GCC_WARN_UNUSED_VARIABLE = YES;
				LOCALIZATION_PREFERS_STRING_CATALOGS = YES;
				MACOSX_DEPLOYMENT_TARGET = 14.0;
				MTL_ENABLE_DEBUG_INFO = INCLUDE_SOURCE;
				MTL_FAST_MATH = YES;
				ONLY_ACTIVE_ARCH = YES;
				SDKROOT = macosx;
				SWIFT_ACTIVE_COMPILATION_CONDITIONS = "DEBUG $(inherited)";
				SWIFT_OPTIMIZATION_LEVEL = "-Onone";
			};
			name = Debug;
		};
		03ECF8BE2B72AA29002167AB /* Release */ = {
			isa = XCBuildConfiguration;
			buildSettings = {
				ALWAYS_SEARCH_USER_PATHS = NO;
				ASSETCATALOG_COMPILER_GENERATE_SWIFT_ASSET_SYMBOL_EXTENSIONS = YES;
				CLANG_ANALYZER_NONNULL = YES;
				CLANG_ANALYZER_NUMBER_OBJECT_CONVERSION = YES_AGGRESSIVE;
				CLANG_CXX_LANGUAGE_STANDARD = "gnu++20";
				CLANG_ENABLE_MODULES = YES;
				CLANG_ENABLE_OBJC_ARC = YES;
				CLANG_ENABLE_OBJC_WEAK = YES;
				CLANG_WARN_BLOCK_CAPTURE_AUTORELEASING = YES;
				CLANG_WARN_BOOL_CONVERSION = YES;
				CLANG_WARN_COMMA = YES;
				CLANG_WARN_CONSTANT_CONVERSION = YES;
				CLANG_WARN_DEPRECATED_OBJC_IMPLEMENTATIONS = YES;
				CLANG_WARN_DIRECT_OBJC_ISA_USAGE = YES_ERROR;
				CLANG_WARN_DOCUMENTATION_COMMENTS = YES;
				CLANG_WARN_EMPTY_BODY = YES;
				CLANG_WARN_ENUM_CONVERSION = YES;
				CLANG_WARN_INFINITE_RECURSION = YES;
				CLANG_WARN_INT_CONVERSION = YES;
				CLANG_WARN_NON_LITERAL_NULL_CONVERSION = YES;
				CLANG_WARN_OBJC_IMPLICIT_RETAIN_SELF = YES;
				CLANG_WARN_OBJC_LITERAL_CONVERSION = YES;
				CLANG_WARN_OBJC_ROOT_CLASS = YES_ERROR;
				CLANG_WARN_QUOTED_INCLUDE_IN_FRAMEWORK_HEADER = YES;
				CLANG_WARN_RANGE_LOOP_ANALYSIS = YES;
				CLANG_WARN_STRICT_PROTOTYPES = YES;
				CLANG_WARN_SUSPICIOUS_MOVE = YES;
				CLANG_WARN_UNGUARDED_AVAILABILITY = YES_AGGRESSIVE;
				CLANG_WARN_UNREACHABLE_CODE = YES;
				CLANG_WARN__DUPLICATE_METHOD_MATCH = YES;
				COPY_PHASE_STRIP = NO;
				DEBUG_INFORMATION_FORMAT = "dwarf-with-dsym";
				ENABLE_NS_ASSERTIONS = NO;
				ENABLE_STRICT_OBJC_MSGSEND = YES;
				ENABLE_USER_SCRIPT_SANDBOXING = YES;
				GCC_C_LANGUAGE_STANDARD = gnu17;
				GCC_NO_COMMON_BLOCKS = YES;
				GCC_WARN_64_TO_32_BIT_CONVERSION = YES;
				GCC_WARN_ABOUT_RETURN_TYPE = YES_ERROR;
				GCC_WARN_UNDECLARED_SELECTOR = YES;
				GCC_WARN_UNINITIALIZED_AUTOS = YES_AGGRESSIVE;
				GCC_WARN_UNUSED_FUNCTION = YES;
				GCC_WARN_UNUSED_VARIABLE = YES;
				LOCALIZATION_PREFERS_STRING_CATALOGS = YES;
				MACOSX_DEPLOYMENT_TARGET = 14.0;
				MTL_ENABLE_DEBUG_INFO = NO;
				MTL_FAST_MATH = YES;
				SDKROOT = macosx;
				SWIFT_COMPILATION_MODE = wholemodule;
			};
			name = Release;
		};
		03ECF8C02B72AA29002167AB /* Debug */ = {
			isa = XCBuildConfiguration;
			buildSettings = {
				ASSETCATALOG_COMPILER_APPICON_NAME = AppIcon;
				ASSETCATALOG_COMPILER_GLOBAL_ACCENT_COLOR_NAME = AccentColor;
				CODE_SIGN_ENTITLEMENTS = PiliPili/PiliPili.entitlements;
				CODE_SIGN_STYLE = Automatic;
				COMBINE_HIDPI_IMAGES = YES;
				CURRENT_PROJECT_VERSION = 1;
				DEVELOPMENT_ASSET_PATHS = "\"PiliPili/Preview Content\"";
				DEVELOPMENT_TEAM = FUX8BPCLMV;
				ENABLE_HARDENED_RUNTIME = YES;
				ENABLE_PREVIEWS = YES;
				GENERATE_INFOPLIST_FILE = YES;
				INFOPLIST_KEY_NSHumanReadableCopyright = "";
				LD_RUNPATH_SEARCH_PATHS = (
					"$(inherited)",
					"@executable_path/../Frameworks",
				);
				MARKETING_VERSION = 1.0;
				PRODUCT_BUNDLE_IDENTIFIER = iris.PiliPili;
				PRODUCT_NAME = "$(TARGET_NAME)";
				SWIFT_EMIT_LOC_STRINGS = YES;
				SWIFT_VERSION = 5.0;
			};
			name = Debug;
		};
		03ECF8C12B72AA29002167AB /* Release */ = {
			isa = XCBuildConfiguration;
			buildSettings = {
				ASSETCATALOG_COMPILER_APPICON_NAME = AppIcon;
				ASSETCATALOG_COMPILER_GLOBAL_ACCENT_COLOR_NAME = AccentColor;
				CODE_SIGN_ENTITLEMENTS = PiliPili/PiliPili.entitlements;
				CODE_SIGN_STYLE = Automatic;
				COMBINE_HIDPI_IMAGES = YES;
				CURRENT_PROJECT_VERSION = 1;
				DEVELOPMENT_ASSET_PATHS = "\"PiliPili/Preview Content\"";
				DEVELOPMENT_TEAM = FUX8BPCLMV;
				ENABLE_HARDENED_RUNTIME = YES;
				ENABLE_PREVIEWS = YES;
				GENERATE_INFOPLIST_FILE = YES;
				INFOPLIST_KEY_NSHumanReadableCopyright = "";
				LD_RUNPATH_SEARCH_PATHS = (
					"$(inherited)",
					"@executable_path/../Frameworks",
				);
				MARKETING_VERSION = 1.0;
				PRODUCT_BUNDLE_IDENTIFIER = iris.PiliPili;
				PRODUCT_NAME = "$(TARGET_NAME)";
				SWIFT_EMIT_LOC_STRINGS = YES;
				SWIFT_VERSION = 5.0;
			};
			name = Release;
		};
		03ECF8C32B72AA29002167AB /* Debug */ = {
			isa = XCBuildConfiguration;
			buildSettings = {
				ALWAYS_EMBED_SWIFT_STANDARD_LIBRARIES = YES;
				BUNDLE_LOADER = "$(TEST_HOST)";
				CODE_SIGN_STYLE = Automatic;
				CURRENT_PROJECT_VERSION = 1;
				DEVELOPMENT_TEAM = FUX8BPCLMV;
				GENERATE_INFOPLIST_FILE = YES;
				MACOSX_DEPLOYMENT_TARGET = 14.0;
				MARKETING_VERSION = 1.0;
				PRODUCT_BUNDLE_IDENTIFIER = iris.PiliPiliTests;
				PRODUCT_NAME = "$(TARGET_NAME)";
				SWIFT_EMIT_LOC_STRINGS = NO;
				SWIFT_VERSION = 5.0;
				TEST_HOST = "$(BUILT_PRODUCTS_DIR)/PiliPili.app/$(BUNDLE_EXECUTABLE_FOLDER_PATH)/PiliPili";
			};
			name = Debug;
		};
		03ECF8C42B72AA29002167AB /* Release */ = {
			isa = XCBuildConfiguration;
			buildSettings = {
				ALWAYS_EMBED_SWIFT_STANDARD_LIBRARIES = YES;
				BUNDLE_LOADER = "$(TEST_HOST)";
				CODE_SIGN_STYLE = Automatic;
				CURRENT_PROJECT_VERSION = 1;
				DEVELOPMENT_TEAM = FUX8BPCLMV;
				GENERATE_INFOPLIST_FILE = YES;
				MACOSX_DEPLOYMENT_TARGET = 14.0;
				MARKETING_VERSION = 1.0;
				PRODUCT_BUNDLE_IDENTIFIER = iris.PiliPiliTests;
				PRODUCT_NAME = "$(TARGET_NAME)";
				SWIFT_EMIT_LOC_STRINGS = NO;
				SWIFT_VERSION = 5.0;
				TEST_HOST = "$(BUILT_PRODUCTS_DIR)/PiliPili.app/$(BUNDLE_EXECUTABLE_FOLDER_PATH)/PiliPili";
			};
			name = Release;
		};
		03ECF8C62B72AA29002167AB /* Debug */ = {
			isa = XCBuildConfiguration;
			buildSettings = {
				ALWAYS_EMBED_SWIFT_STANDARD_LIBRARIES = YES;
				CODE_SIGN_STYLE = Automatic;
				CURRENT_PROJECT_VERSION = 1;
				DEVELOPMENT_TEAM = FUX8BPCLMV;
				GENERATE_INFOPLIST_FILE = YES;
				MARKETING_VERSION = 1.0;
				PRODUCT_BUNDLE_IDENTIFIER = iris.PiliPiliUITests;
				PRODUCT_NAME = "$(TARGET_NAME)";
				SWIFT_EMIT_LOC_STRINGS = NO;
				SWIFT_VERSION = 5.0;
				TEST_TARGET_NAME = PiliPili;
			};
			name = Debug;
		};
		03ECF8C72B72AA29002167AB /* Release */ = {
			isa = XCBuildConfiguration;
			buildSettings = {
				ALWAYS_EMBED_SWIFT_STANDARD_LIBRARIES = YES;
				CODE_SIGN_STYLE = Automatic;
				CURRENT_PROJECT_VERSION = 1;
				DEVELOPMENT_TEAM = FUX8BPCLMV;
				GENERATE_INFOPLIST_FILE = YES;
				MARKETING_VERSION = 1.0;
				PRODUCT_BUNDLE_IDENTIFIER = iris.PiliPiliUITests;
				PRODUCT_NAME = "$(TARGET_NAME)";
				SWIFT_EMIT_LOC_STRINGS = NO;
				SWIFT_VERSION = 5.0;
				TEST_TARGET_NAME = PiliPili;
			};
			name = Release;
		};
/* End XCBuildConfiguration section */

/* Begin XCConfigurationList section */
		03ECF8952B72AA27002167AB /* Build configuration list for PBXProject "PiliPili" */ = {
			isa = XCConfigurationList;
			buildConfigurations = (
				03ECF8BD2B72AA29002167AB /* Debug */,
				03ECF8BE2B72AA29002167AB /* Release */,
			);
			defaultConfigurationIsVisible = 0;
			defaultConfigurationName = Release;
		};
		03ECF8BF2B72AA29002167AB /* Build configuration list for PBXNativeTarget "PiliPili" */ = {
			isa = XCConfigurationList;
			buildConfigurations = (
				03ECF8C02B72AA29002167AB /* Debug */,
				03ECF8C12B72AA29002167AB /* Release */,
			);
			defaultConfigurationIsVisible = 0;
			defaultConfigurationName = Release;
		};
		03ECF8C22B72AA29002167AB /* Build configuration list for PBXNativeTarget "PiliPiliTests" */ = {
			isa = XCConfigurationList;
			buildConfigurations = (
				03ECF8C32B72AA29002167AB /* Debug */,
				03ECF8C42B72AA29002167AB /* Release */,
			);
			defaultConfigurationIsVisible = 0;
			defaultConfigurationName = Release;
		};
		03ECF8C52B72AA29002167AB /* Build configuration list for PBXNativeTarget "PiliPiliUITests" */ = {
			isa = XCConfigurationList;
			buildConfigurations = (
				03ECF8C62B72AA29002167AB /* Debug */,
				03ECF8C72B72AA29002167AB /* Release */,
			);
			defaultConfigurationIsVisible = 0;
			defaultConfigurationName = Release;
		};
/* End XCConfigurationList section */
	};
	rootObject = 03ECF8922B72AA27002167AB /* Project object */;
}
